// !$*UTF8*$!
{
	archiveVersion = 1;
	classes = {
	};
	objectVersion = 50;
	objects = {

/* Begin PBXBuildFile section */
		1938014720B4326100BB4186 /* AppDelegate.swift in Sources */ = {isa = PBXBuildFile; fileRef = 1938014620B4326100BB4186 /* AppDelegate.swift */; };
		1938014920B4326100BB4186 /* ViewController.swift in Sources */ = {isa = PBXBuildFile; fileRef = 1938014820B4326100BB4186 /* ViewController.swift */; };
		1938014C20B4326100BB4186 /* Main.storyboard in Resources */ = {isa = PBXBuildFile; fileRef = 1938014A20B4326100BB4186 /* Main.storyboard */; };
		1938014E20B4326200BB4186 /* Assets.xcassets in Resources */ = {isa = PBXBuildFile; fileRef = 1938014D20B4326200BB4186 /* Assets.xcassets */; };
		1938015120B4326200BB4186 /* LaunchScreen.storyboard in Resources */ = {isa = PBXBuildFile; fileRef = 1938014F20B4326200BB4186 /* LaunchScreen.storyboard */; };
		1938015B20B4329400BB4186 /* JXUserProfileMainTableView.swift in Sources */ = {isa = PBXBuildFile; fileRef = 1938015A20B4329400BB4186 /* JXUserProfileMainTableView.swift */; };
		1938015D20B432DD00BB4186 /* JXUserProfileView.swift in Sources */ = {isa = PBXBuildFile; fileRef = 1938015C20B432DD00BB4186 /* JXUserProfileView.swift */; };
		1938015F20B514AB00BB4186 /* JXUserProfileListContainerView.swift in Sources */ = {isa = PBXBuildFile; fileRef = 1938015E20B514AB00BB4186 /* JXUserProfileListContainerView.swift */; };
		195A027120BBF88100A66969 /* TestListBaseView.swift in Sources */ = {isa = PBXBuildFile; fileRef = 195A027020BBF88100A66969 /* TestListBaseView.swift */; };
		195A034820BC08ED00A66969 /* lufei.jpg in Resources */ = {isa = PBXBuildFile; fileRef = 195A034720BC08ED00A66969 /* lufei.jpg */; };
		195A034A20BC099500A66969 /* UserProfileTableHeaderView.swift in Sources */ = {isa = PBXBuildFile; fileRef = 195A034920BC099500A66969 /* UserProfileTableHeaderView.swift */; };
		195A061E20BD38F400A66969 /* JXCategoryCollectionView.m in Sources */ = {isa = PBXBuildFile; fileRef = 195A060F20BD38F400A66969 /* JXCategoryCollectionView.m */; };
		195A061F20BD38F400A66969 /* JXCategoryBaseView.m in Sources */ = {isa = PBXBuildFile; fileRef = 195A061020BD38F400A66969 /* JXCategoryBaseView.m */; };
		195A062020BD38F400A66969 /* JXCategoryCellModel.m in Sources */ = {isa = PBXBuildFile; fileRef = 195A061120BD38F400A66969 /* JXCategoryCellModel.m */; };
		195A062120BD38F400A66969 /* JXCategoryBaseCell.m in Sources */ = {isa = PBXBuildFile; fileRef = 195A061220BD38F400A66969 /* JXCategoryBaseCell.m */; };
		195A062220BD38F400A66969 /* UIColor+JXAdd.m in Sources */ = {isa = PBXBuildFile; fileRef = 195A061320BD38F400A66969 /* UIColor+JXAdd.m */; };
		195A062320BD38F400A66969 /* JXCategoryView.m in Sources */ = {isa = PBXBuildFile; fileRef = 195A061420BD38F400A66969 /* JXCategoryView.m */; };
		195A062420BD38F400A66969 /* JXCategoryNumberView.m in Sources */ = {isa = PBXBuildFile; fileRef = 195A061720BD38F400A66969 /* JXCategoryNumberView.m */; };
		195A062520BD38F400A66969 /* JXCategoryNumberCell.m in Sources */ = {isa = PBXBuildFile; fileRef = 195A061820BD38F400A66969 /* JXCategoryNumberCell.m */; };
		195A062620BD38F400A66969 /* JXCategoryNumberCellModel.m in Sources */ = {isa = PBXBuildFile; fileRef = 195A061920BD38F400A66969 /* JXCategoryNumberCellModel.m */; };
		195A062720BD38F400A66969 /* JXCategoryBaseCellModel.m in Sources */ = {isa = PBXBuildFile; fileRef = 195A061C20BD38F400A66969 /* JXCategoryBaseCellModel.m */; };
		195A062820BD38F400A66969 /* JXCategoryCell.m in Sources */ = {isa = PBXBuildFile; fileRef = 195A061D20BD38F400A66969 /* JXCategoryCell.m */; };
		195A062D20BD472B00A66969 /* PowerListView.swift in Sources */ = {isa = PBXBuildFile; fileRef = 195A062C20BD472B00A66969 /* PowerListView.swift */; };
		195A062F20BD487900A66969 /* HobbyListView.swift in Sources */ = {isa = PBXBuildFile; fileRef = 195A062E20BD487900A66969 /* HobbyListView.swift */; };
		195A063120BD48A500A66969 /* PartnerListView.swift in Sources */ = {isa = PBXBuildFile; fileRef = 195A063020BD48A500A66969 /* PartnerListView.swift */; };
/* End PBXBuildFile section */

/* Begin PBXFileReference section */
		1938014320B4326100BB4186 /* JXUserProfileView.app */ = {isa = PBXFileReference; explicitFileType = wrapper.application; includeInIndex = 0; path = JXUserProfileView.app; sourceTree = BUILT_PRODUCTS_DIR; };
		1938014620B4326100BB4186 /* AppDelegate.swift */ = {isa = PBXFileReference; lastKnownFileType = sourcecode.swift; path = AppDelegate.swift; sourceTree = "<group>"; };
		1938014820B4326100BB4186 /* ViewController.swift */ = {isa = PBXFileReference; lastKnownFileType = sourcecode.swift; path = ViewController.swift; sourceTree = "<group>"; };
		1938014B20B4326100BB4186 /* Base */ = {isa = PBXFileReference; lastKnownFileType = file.storyboard; name = Base; path = Base.lproj/Main.storyboard; sourceTree = "<group>"; };
		1938014D20B4326200BB4186 /* Assets.xcassets */ = {isa = PBXFileReference; lastKnownFileType = folder.assetcatalog; path = Assets.xcassets; sourceTree = "<group>"; };
		1938015020B4326200BB4186 /* Base */ = {isa = PBXFileReference; lastKnownFileType = file.storyboard; name = Base; path = Base.lproj/LaunchScreen.storyboard; sourceTree = "<group>"; };
		1938015220B4326200BB4186 /* Info.plist */ = {isa = PBXFileReference; lastKnownFileType = text.plist.xml; path = Info.plist; sourceTree = "<group>"; };
		1938015A20B4329400BB4186 /* JXUserProfileMainTableView.swift */ = {isa = PBXFileReference; lastKnownFileType = sourcecode.swift; path = JXUserProfileMainTableView.swift; sourceTree = "<group>"; };
		1938015C20B432DD00BB4186 /* JXUserProfileView.swift */ = {isa = PBXFileReference; lastKnownFileType = sourcecode.swift; path = JXUserProfileView.swift; sourceTree = "<group>"; };
		1938015E20B514AB00BB4186 /* JXUserProfileListContainerView.swift */ = {isa = PBXFileReference; fileEncoding = 4; lastKnownFileType = sourcecode.swift; path = JXUserProfileListContainerView.swift; sourceTree = "<group>"; };
		195A027020BBF88100A66969 /* TestListBaseView.swift */ = {isa = PBXFileReference; lastKnownFileType = sourcecode.swift; path = TestListBaseView.swift; sourceTree = "<group>"; };
		195A034720BC08ED00A66969 /* lufei.jpg */ = {isa = PBXFileReference; lastKnownFileType = image.jpeg; path = lufei.jpg; sourceTree = "<group>"; };
		195A034920BC099500A66969 /* UserProfileTableHeaderView.swift */ = {isa = PBXFileReference; lastKnownFileType = sourcecode.swift; path = UserProfileTableHeaderView.swift; sourceTree = "<group>"; };
		195A060720BD38F300A66969 /* JXCategoryCellModel.h */ = {isa = PBXFileReference; fileEncoding = 4; lastKnownFileType = sourcecode.c.h; path = JXCategoryCellModel.h; sourceTree = "<group>"; };
		195A060820BD38F300A66969 /* JXCategoryBaseView.h */ = {isa = PBXFileReference; fileEncoding = 4; lastKnownFileType = sourcecode.c.h; path = JXCategoryBaseView.h; sourceTree = "<group>"; };
		195A060920BD38F400A66969 /* JXCategoryCollectionView.h */ = {isa = PBXFileReference; fileEncoding = 4; lastKnownFileType = sourcecode.c.h; path = JXCategoryCollectionView.h; sourceTree = "<group>"; };
		195A060A20BD38F400A66969 /* JXCategoryBaseCell.h */ = {isa = PBXFileReference; fileEncoding = 4; lastKnownFileType = sourcecode.c.h; path = JXCategoryBaseCell.h; sourceTree = "<group>"; };
		195A060B20BD38F400A66969 /* JXCategoryView.h */ = {isa = PBXFileReference; fileEncoding = 4; lastKnownFileType = sourcecode.c.h; path = JXCategoryView.h; sourceTree = "<group>"; };
		195A060C20BD38F400A66969 /* UIColor+JXAdd.h */ = {isa = PBXFileReference; fileEncoding = 4; lastKnownFileType = sourcecode.c.h; path = "UIColor+JXAdd.h"; sourceTree = "<group>"; };
		195A060D20BD38F400A66969 /* JXCategoryCell.h */ = {isa = PBXFileReference; fileEncoding = 4; lastKnownFileType = sourcecode.c.h; path = JXCategoryCell.h; sourceTree = "<group>"; };
		195A060E20BD38F400A66969 /* JXCategoryBaseCellModel.h */ = {isa = PBXFileReference; fileEncoding = 4; lastKnownFileType = sourcecode.c.h; path = JXCategoryBaseCellModel.h; sourceTree = "<group>"; };
		195A060F20BD38F400A66969 /* JXCategoryCollectionView.m */ = {isa = PBXFileReference; fileEncoding = 4; lastKnownFileType = sourcecode.c.objc; path = JXCategoryCollectionView.m; sourceTree = "<group>"; };
		195A061020BD38F400A66969 /* JXCategoryBaseView.m */ = {isa = PBXFileReference; fileEncoding = 4; lastKnownFileType = sourcecode.c.objc; path = JXCategoryBaseView.m; sourceTree = "<group>"; };
		195A061120BD38F400A66969 /* JXCategoryCellModel.m */ = {isa = PBXFileReference; fileEncoding = 4; lastKnownFileType = sourcecode.c.objc; path = JXCategoryCellModel.m; sourceTree = "<group>"; };
		195A061220BD38F400A66969 /* JXCategoryBaseCell.m */ = {isa = PBXFileReference; fileEncoding = 4; lastKnownFileType = sourcecode.c.objc; path = JXCategoryBaseCell.m; sourceTree = "<group>"; };
		195A061320BD38F400A66969 /* UIColor+JXAdd.m */ = {isa = PBXFileReference; fileEncoding = 4; lastKnownFileType = sourcecode.c.objc; path = "UIColor+JXAdd.m"; sourceTree = "<group>"; };
		195A061420BD38F400A66969 /* JXCategoryView.m */ = {isa = PBXFileReference; fileEncoding = 4; lastKnownFileType = sourcecode.c.objc; path = JXCategoryView.m; sourceTree = "<group>"; };
		195A061620BD38F400A66969 /* JXCategoryNumberCellModel.h */ = {isa = PBXFileReference; fileEncoding = 4; lastKnownFileType = sourcecode.c.h; path = JXCategoryNumberCellModel.h; sourceTree = "<group>"; };
		195A061720BD38F400A66969 /* JXCategoryNumberView.m */ = {isa = PBXFileReference; fileEncoding = 4; lastKnownFileType = sourcecode.c.objc; path = JXCategoryNumberView.m; sourceTree = "<group>"; };
		195A061820BD38F400A66969 /* JXCategoryNumberCell.m */ = {isa = PBXFileReference; fileEncoding = 4; lastKnownFileType = sourcecode.c.objc; path = JXCategoryNumberCell.m; sourceTree = "<group>"; };
		195A061920BD38F400A66969 /* JXCategoryNumberCellModel.m */ = {isa = PBXFileReference; fileEncoding = 4; lastKnownFileType = sourcecode.c.objc; path = JXCategoryNumberCellModel.m; sourceTree = "<group>"; };
		195A061A20BD38F400A66969 /* JXCategoryNumberView.h */ = {isa = PBXFileReference; fileEncoding = 4; lastKnownFileType = sourcecode.c.h; path = JXCategoryNumberView.h; sourceTree = "<group>"; };
		195A061B20BD38F400A66969 /* JXCategoryNumberCell.h */ = {isa = PBXFileReference; fileEncoding = 4; lastKnownFileType = sourcecode.c.h; path = JXCategoryNumberCell.h; sourceTree = "<group>"; };
		195A061C20BD38F400A66969 /* JXCategoryBaseCellModel.m */ = {isa = PBXFileReference; fileEncoding = 4; lastKnownFileType = sourcecode.c.objc; path = JXCategoryBaseCellModel.m; sourceTree = "<group>"; };
		195A061D20BD38F400A66969 /* JXCategoryCell.m */ = {isa = PBXFileReference; fileEncoding = 4; lastKnownFileType = sourcecode.c.objc; path = JXCategoryCell.m; sourceTree = "<group>"; };
		195A062920BD3AC000A66969 /* Swift-Bridge-Objective-C.h */ = {isa = PBXFileReference; lastKnownFileType = sourcecode.c.h; path = "Swift-Bridge-Objective-C.h"; sourceTree = "<group>"; };
		195A062C20BD472B00A66969 /* PowerListView.swift */ = {isa = PBXFileReference; lastKnownFileType = sourcecode.swift; path = PowerListView.swift; sourceTree = "<group>"; };
		195A062E20BD487900A66969 /* HobbyListView.swift */ = {isa = PBXFileReference; lastKnownFileType = sourcecode.swift; path = HobbyListView.swift; sourceTree = "<group>"; };
		195A063020BD48A500A66969 /* PartnerListView.swift */ = {isa = PBXFileReference; lastKnownFileType = sourcecode.swift; path = PartnerListView.swift; sourceTree = "<group>"; };
/* End PBXFileReference section */

/* Begin PBXFrameworksBuildPhase section */
		1938014020B4326100BB4186 /* Frameworks */ = {
			isa = PBXFrameworksBuildPhase;
			buildActionMask = 2147483647;
			files = (
			);
			runOnlyForDeploymentPostprocessing = 0;
		};
/* End PBXFrameworksBuildPhase section */

/* Begin PBXGroup section */
		1938013A20B4326100BB4186 = {
			isa = PBXGroup;
			children = (
				1938014520B4326100BB4186 /* JXUserProfileView */,
				1938014420B4326100BB4186 /* Products */,
			);
			sourceTree = "<group>";
		};
		1938014420B4326100BB4186 /* Products */ = {
			isa = PBXGroup;
			children = (
				1938014320B4326100BB4186 /* JXUserProfileView.app */,
			);
			name = Products;
			sourceTree = "<group>";
		};
		1938014520B4326100BB4186 /* JXUserProfileView */ = {
			isa = PBXGroup;
			children = (
				195A060620BD38F300A66969 /* JXCategoryView */,
				1938015920B4327F00BB4186 /* JXUserProfileView */,
				1938014620B4326100BB4186 /* AppDelegate.swift */,
				1938014820B4326100BB4186 /* ViewController.swift */,
				195A027020BBF88100A66969 /* TestListBaseView.swift */,
				195A062C20BD472B00A66969 /* PowerListView.swift */,
				195A062E20BD487900A66969 /* HobbyListView.swift */,
				195A063020BD48A500A66969 /* PartnerListView.swift */,
				195A034920BC099500A66969 /* UserProfileTableHeaderView.swift */,
				1938014A20B4326100BB4186 /* Main.storyboard */,
				1938014D20B4326200BB4186 /* Assets.xcassets */,
				1938014F20B4326200BB4186 /* LaunchScreen.storyboard */,
				1938015220B4326200BB4186 /* Info.plist */,
				195A062920BD3AC000A66969 /* Swift-Bridge-Objective-C.h */,
				195A034720BC08ED00A66969 /* lufei.jpg */,
			);
			path = JXUserProfileView;
			sourceTree = "<group>";
		};
		1938015920B4327F00BB4186 /* JXUserProfileView */ = {
			isa = PBXGroup;
			children = (
				1938015C20B432DD00BB4186 /* JXUserProfileView.swift */,
				1938015A20B4329400BB4186 /* JXUserProfileMainTableView.swift */,
				1938015E20B514AB00BB4186 /* JXUserProfileListContainerView.swift */,
			);
			path = JXUserProfileView;
			sourceTree = "<group>";
		};
		195A060620BD38F300A66969 /* JXCategoryView */ = {
			isa = PBXGroup;
			children = (
				195A061520BD38F400A66969 /* Custom */,
				195A060720BD38F300A66969 /* JXCategoryCellModel.h */,
				195A060820BD38F300A66969 /* JXCategoryBaseView.h */,
				195A060920BD38F400A66969 /* JXCategoryCollectionView.h */,
				195A060A20BD38F400A66969 /* JXCategoryBaseCell.h */,
				195A060B20BD38F400A66969 /* JXCategoryView.h */,
				195A060C20BD38F400A66969 /* UIColor+JXAdd.h */,
				195A060D20BD38F400A66969 /* JXCategoryCell.h */,
				195A060E20BD38F400A66969 /* JXCategoryBaseCellModel.h */,
				195A060F20BD38F400A66969 /* JXCategoryCollectionView.m */,
				195A061020BD38F400A66969 /* JXCategoryBaseView.m */,
				195A061120BD38F400A66969 /* JXCategoryCellModel.m */,
				195A061220BD38F400A66969 /* JXCategoryBaseCell.m */,
				195A061320BD38F400A66969 /* UIColor+JXAdd.m */,
				195A061420BD38F400A66969 /* JXCategoryView.m */,
				195A061C20BD38F400A66969 /* JXCategoryBaseCellModel.m */,
				195A061D20BD38F400A66969 /* JXCategoryCell.m */,
			);
			path = JXCategoryView;
			sourceTree = "<group>";
		};
		195A061520BD38F400A66969 /* Custom */ = {
			isa = PBXGroup;
			children = (
				195A061620BD38F400A66969 /* JXCategoryNumberCellModel.h */,
				195A061720BD38F400A66969 /* JXCategoryNumberView.m */,
				195A061820BD38F400A66969 /* JXCategoryNumberCell.m */,
				195A061920BD38F400A66969 /* JXCategoryNumberCellModel.m */,
				195A061A20BD38F400A66969 /* JXCategoryNumberView.h */,
				195A061B20BD38F400A66969 /* JXCategoryNumberCell.h */,
			);
			path = Custom;
			sourceTree = "<group>";
		};
/* End PBXGroup section */

/* Begin PBXNativeTarget section */
		1938014220B4326100BB4186 /* JXUserProfileView */ = {
			isa = PBXNativeTarget;
			buildConfigurationList = 1938015520B4326200BB4186 /* Build configuration list for PBXNativeTarget "JXUserProfileView" */;
			buildPhases = (
				1938013F20B4326100BB4186 /* Sources */,
				1938014020B4326100BB4186 /* Frameworks */,
				1938014120B4326100BB4186 /* Resources */,
			);
			buildRules = (
			);
			dependencies = (
			);
			name = JXUserProfileView;
			productName = JXUserProfileView;
			productReference = 1938014320B4326100BB4186 /* JXUserProfileView.app */;
			productType = "com.apple.product-type.application";
		};
/* End PBXNativeTarget section */

/* Begin PBXProject section */
		1938013B20B4326100BB4186 /* Project object */ = {
			isa = PBXProject;
			attributes = {
				LastSwiftUpdateCheck = 0930;
				LastUpgradeCheck = 0930;
				ORGANIZATIONNAME = jiaxin;
				TargetAttributes = {
					1938014220B4326100BB4186 = {
						CreatedOnToolsVersion = 9.3;
					};
				};
			};
			buildConfigurationList = 1938013E20B4326100BB4186 /* Build configuration list for PBXProject "JXUserProfileView" */;
			compatibilityVersion = "Xcode 9.3";
			developmentRegion = en;
			hasScannedForEncodings = 0;
			knownRegions = (
				en,
				Base,
			);
			mainGroup = 1938013A20B4326100BB4186;
			productRefGroup = 1938014420B4326100BB4186 /* Products */;
			projectDirPath = "";
			projectRoot = "";
			targets = (
				1938014220B4326100BB4186 /* JXUserProfileView */,
			);
		};
/* End PBXProject section */

/* Begin PBXResourcesBuildPhase section */
		1938014120B4326100BB4186 /* Resources */ = {
			isa = PBXResourcesBuildPhase;
			buildActionMask = 2147483647;
			files = (
				1938015120B4326200BB4186 /* LaunchScreen.storyboard in Resources */,
				195A034820BC08ED00A66969 /* lufei.jpg in Resources */,
				1938014E20B4326200BB4186 /* Assets.xcassets in Resources */,
				1938014C20B4326100BB4186 /* Main.storyboard in Resources */,
			);
			runOnlyForDeploymentPostprocessing = 0;
		};
/* End PBXResourcesBuildPhase section */

/* Begin PBXSourcesBuildPhase section */
		1938013F20B4326100BB4186 /* Sources */ = {
			isa = PBXSourcesBuildPhase;
			buildActionMask = 2147483647;
			files = (
				195A062620BD38F400A66969 /* JXCategoryNumberCellModel.m in Sources */,
				195A027120BBF88100A66969 /* TestListBaseView.swift in Sources */,
				195A062220BD38F400A66969 /* UIColor+JXAdd.m in Sources */,
				1938014920B4326100BB4186 /* ViewController.swift in Sources */,
				1938014720B4326100BB4186 /* AppDelegate.swift in Sources */,
				195A063120BD48A500A66969 /* PartnerListView.swift in Sources */,
				195A062020BD38F400A66969 /* JXCategoryCellModel.m in Sources */,
				195A062720BD38F400A66969 /* JXCategoryBaseCellModel.m in Sources */,
				195A061F20BD38F400A66969 /* JXCategoryBaseView.m in Sources */,
				195A062120BD38F400A66969 /* JXCategoryBaseCell.m in Sources */,
				1938015B20B4329400BB4186 /* JXUserProfileMainTableView.swift in Sources */,
				195A061E20BD38F400A66969 /* JXCategoryCollectionView.m in Sources */,
				195A062820BD38F400A66969 /* JXCategoryCell.m in Sources */,
				195A062520BD38F400A66969 /* JXCategoryNumberCell.m in Sources */,
				1938015F20B514AB00BB4186 /* JXUserProfileListContainerView.swift in Sources */,
				195A062320BD38F400A66969 /* JXCategoryView.m in Sources */,
				195A062D20BD472B00A66969 /* PowerListView.swift in Sources */,
				195A062420BD38F400A66969 /* JXCategoryNumberView.m in Sources */,
				195A062F20BD487900A66969 /* HobbyListView.swift in Sources */,
				1938015D20B432DD00BB4186 /* JXUserProfileView.swift in Sources */,
				195A034A20BC099500A66969 /* UserProfileTableHeaderView.swift in Sources */,
			);
			runOnlyForDeploymentPostprocessing = 0;
		};
/* End PBXSourcesBuildPhase section */

/* Begin PBXVariantGroup section */
		1938014A20B4326100BB4186 /* Main.storyboard */ = {
			isa = PBXVariantGroup;
			children = (
				1938014B20B4326100BB4186 /* Base */,
			);
			name = Main.storyboard;
			sourceTree = "<group>";
		};
		1938014F20B4326200BB4186 /* LaunchScreen.storyboard */ = {
			isa = PBXVariantGroup;
			children = (
				1938015020B4326200BB4186 /* Base */,
			);
			name = LaunchScreen.storyboard;
			sourceTree = "<group>";
		};
/* End PBXVariantGroup section */

/* Begin XCBuildConfiguration section */
		1938015320B4326200BB4186 /* Debug */ = {
			isa = XCBuildConfiguration;
			buildSettings = {
				ALWAYS_SEARCH_USER_PATHS = NO;
				CLANG_ANALYZER_NONNULL = YES;
				CLANG_ANALYZER_NUMBER_OBJECT_CONVERSION = YES_AGGRESSIVE;
				CLANG_CXX_LANGUAGE_STANDARD = "gnu++14";
				CLANG_CXX_LIBRARY = "libc++";
				CLANG_ENABLE_MODULES = YES;
				CLANG_ENABLE_OBJC_ARC = YES;
				CLANG_ENABLE_OBJC_WEAK = YES;
				CLANG_WARN_BLOCK_CAPTURE_AUTORELEASING = YES;
				CLANG_WARN_BOOL_CONVERSION = YES;
				CLANG_WARN_COMMA = YES;
				CLANG_WARN_CONSTANT_CONVERSION = YES;
				CLANG_WARN_DEPRECATED_OBJC_IMPLEMENTATIONS = YES;
				CLANG_WARN_DIRECT_OBJC_ISA_USAGE = YES_ERROR;
				CLANG_WARN_DOCUMENTATION_COMMENTS = YES;
				CLANG_WARN_EMPTY_BODY = YES;
				CLANG_WARN_ENUM_CONVERSION = YES;
				CLANG_WARN_INFINITE_RECURSION = YES;
				CLANG_WARN_INT_CONVERSION = YES;
				CLANG_WARN_NON_LITERAL_NULL_CONVERSION = YES;
				CLANG_WARN_OBJC_IMPLICIT_RETAIN_SELF = YES;
				CLANG_WARN_OBJC_LITERAL_CONVERSION = YES;
				CLANG_WARN_OBJC_ROOT_CLASS = YES_ERROR;
				CLANG_WARN_RANGE_LOOP_ANALYSIS = YES;
				CLANG_WARN_STRICT_PROTOTYPES = YES;
				CLANG_WARN_SUSPICIOUS_MOVE = YES;
				CLANG_WARN_UNGUARDED_AVAILABILITY = YES_AGGRESSIVE;
				CLANG_WARN_UNREACHABLE_CODE = YES;
				CLANG_WARN__DUPLICATE_METHOD_MATCH = YES;
				CODE_SIGN_IDENTITY = "iPhone Developer";
				COPY_PHASE_STRIP = NO;
				DEBUG_INFORMATION_FORMAT = dwarf;
				ENABLE_STRICT_OBJC_MSGSEND = YES;
				ENABLE_TESTABILITY = YES;
				GCC_C_LANGUAGE_STANDARD = gnu11;
				GCC_DYNAMIC_NO_PIC = NO;
				GCC_NO_COMMON_BLOCKS = YES;
				GCC_OPTIMIZATION_LEVEL = 0;
				GCC_PREPROCESSOR_DEFINITIONS = (
					"DEBUG=1",
					"$(inherited)",
				);
				GCC_WARN_64_TO_32_BIT_CONVERSION = YES;
				GCC_WARN_ABOUT_RETURN_TYPE = YES_ERROR;
				GCC_WARN_UNDECLARED_SELECTOR = YES;
				GCC_WARN_UNINITIALIZED_AUTOS = YES_AGGRESSIVE;
				GCC_WARN_UNUSED_FUNCTION = YES;
				GCC_WARN_UNUSED_VARIABLE = YES;
				IPHONEOS_DEPLOYMENT_TARGET = 11.3;
				MTL_ENABLE_DEBUG_INFO = YES;
				ONLY_ACTIVE_ARCH = YES;
				SDKROOT = iphoneos;
				SWIFT_ACTIVE_COMPILATION_CONDITIONS = DEBUG;
				SWIFT_OPTIMIZATION_LEVEL = "-Onone";
			};
			name = Debug;
		};
		1938015420B4326200BB4186 /* Release */ = {
			isa = XCBuildConfiguration;
			buildSettings = {
				ALWAYS_SEARCH_USER_PATHS = NO;
				CLANG_ANALYZER_NONNULL = YES;
				CLANG_ANALYZER_NUMBER_OBJECT_CONVERSION = YES_AGGRESSIVE;
				CLANG_CXX_LANGUAGE_STANDARD = "gnu++14";
				CLANG_CXX_LIBRARY = "libc++";
				CLANG_ENABLE_MODULES = YES;
				CLANG_ENABLE_OBJC_ARC = YES;
				CLANG_ENABLE_OBJC_WEAK = YES;
				CLANG_WARN_BLOCK_CAPTURE_AUTORELEASING = YES;
				CLANG_WARN_BOOL_CONVERSION = YES;
				CLANG_WARN_COMMA = YES;
				CLANG_WARN_CONSTANT_CONVERSION = YES;
				CLANG_WARN_DEPRECATED_OBJC_IMPLEMENTATIONS = YES;
				CLANG_WARN_DIRECT_OBJC_ISA_USAGE = YES_ERROR;
				CLANG_WARN_DOCUMENTATION_COMMENTS = YES;
				CLANG_WARN_EMPTY_BODY = YES;
				CLANG_WARN_ENUM_CONVERSION = YES;
				CLANG_WARN_INFINITE_RECURSION = YES;
				CLANG_WARN_INT_CONVERSION = YES;
				CLANG_WARN_NON_LITERAL_NULL_CONVERSION = YES;
				CLANG_WARN_OBJC_IMPLICIT_RETAIN_SELF = YES;
				CLANG_WARN_OBJC_LITERAL_CONVERSION = YES;
				CLANG_WARN_OBJC_ROOT_CLASS = YES_ERROR;
				CLANG_WARN_RANGE_LOOP_ANALYSIS = YES;
				CLANG_WARN_STRICT_PROTOTYPES = YES;
				CLANG_WARN_SUSPICIOUS_MOVE = YES;
				CLANG_WARN_UNGUARDED_AVAILABILITY = YES_AGGRESSIVE;
				CLANG_WARN_UNREACHABLE_CODE = YES;
				CLANG_WARN__DUPLICATE_METHOD_MATCH = YES;
				CODE_SIGN_IDENTITY = "iPhone Developer";
				COPY_PHASE_STRIP = NO;
				DEBUG_INFORMATION_FORMAT = "dwarf-with-dsym";
				ENABLE_NS_ASSERTIONS = NO;
				ENABLE_STRICT_OBJC_MSGSEND = YES;
				GCC_C_LANGUAGE_STANDARD = gnu11;
				GCC_NO_COMMON_BLOCKS = YES;
				GCC_WARN_64_TO_32_BIT_CONVERSION = YES;
				GCC_WARN_ABOUT_RETURN_TYPE = YES_ERROR;
				GCC_WARN_UNDECLARED_SELECTOR = YES;
				GCC_WARN_UNINITIALIZED_AUTOS = YES_AGGRESSIVE;
				GCC_WARN_UNUSED_FUNCTION = YES;
				GCC_WARN_UNUSED_VARIABLE = YES;
				IPHONEOS_DEPLOYMENT_TARGET = 11.3;
				MTL_ENABLE_DEBUG_INFO = NO;
				SDKROOT = iphoneos;
				SWIFT_COMPILATION_MODE = wholemodule;
				SWIFT_OPTIMIZATION_LEVEL = "-O";
				VALIDATE_PRODUCT = YES;
			};
			name = Release;
		};
		1938015620B4326200BB4186 /* Debug */ = {
			isa = XCBuildConfiguration;
			buildSettings = {
				ASSETCATALOG_COMPILER_APPICON_NAME = AppIcon;
				CODE_SIGN_STYLE = Automatic;
				DEVELOPMENT_TEAM = CUHY5967Q2;
				INFOPLIST_FILE = JXUserProfileView/Info.plist;
				IPHONEOS_DEPLOYMENT_TARGET = 9.0;
				LD_RUNPATH_SEARCH_PATHS = (
					"$(inherited)",
					"@executable_path/Frameworks",
				);
				PRODUCT_BUNDLE_IDENTIFIER = jiaxin.JXUserProfileView;
				PRODUCT_NAME = "$(TARGET_NAME)";
				SWIFT_OBJC_BRIDGING_HEADER = "JXUserProfileView/Swift-Bridge-Objective-C.h";
				SWIFT_VERSION = 4.0;
				TARGETED_DEVICE_FAMILY = 1;
			};
			name = Debug;
		};
		1938015720B4326200BB4186 /* Release */ = {
			isa = XCBuildConfiguration;
			buildSettings = {
				ASSETCATALOG_COMPILER_APPICON_NAME = AppIcon;
				CODE_SIGN_STYLE = Automatic;
				DEVELOPMENT_TEAM = CUHY5967Q2;
				INFOPLIST_FILE = JXUserProfileView/Info.plist;
				IPHONEOS_DEPLOYMENT_TARGET = 9.0;
				LD_RUNPATH_SEARCH_PATHS = (
					"$(inherited)",
					"@executable_path/Frameworks",
				);
				PRODUCT_BUNDLE_IDENTIFIER = jiaxin.JXUserProfileView;
				PRODUCT_NAME = "$(TARGET_NAME)";
				SWIFT_OBJC_BRIDGING_HEADER = "JXUserProfileView/Swift-Bridge-Objective-C.h";
				SWIFT_VERSION = 4.0;
				TARGETED_DEVICE_FAMILY = 1;
			};
			name = Release;
		};
/* End XCBuildConfiguration section */

/* Begin XCConfigurationList section */
		1938013E20B4326100BB4186 /* Build configuration list for PBXProject "JXUserProfileView" */ = {
			isa = XCConfigurationList;
			buildConfigurations = (
				1938015320B4326200BB4186 /* Debug */,
				1938015420B4326200BB4186 /* Release */,
			);
			defaultConfigurationIsVisible = 0;
			defaultConfigurationName = Release;
		};
		1938015520B4326200BB4186 /* Build configuration list for PBXNativeTarget "JXUserProfileView" */ = {
			isa = XCConfigurationList;
			buildConfigurations = (
				1938015620B4326200BB4186 /* Debug */,
				1938015720B4326200BB4186 /* Release */,
			);
			defaultConfigurationIsVisible = 0;
			defaultConfigurationName = Release;
		};
/* End XCConfigurationList section */
	};
	rootObject = 1938013B20B4326100BB4186 /* Project object */;
}
